
Microsoft Visual Studio Solution File, Format Version 12.00
# Visual Studio Version 17
VisualStudioVersion = 17.0.32112.339
MinimumVisualStudioVersion = 10.0.40219.1
Project("{FAE04EC0-301F-11D3-BF4B-00C04F79EFBC}") = "LMSSupportProject", "LMSSupportProject\LMSSupportProject.csproj", "{719120BC-8A70-4C09-8595-2C10E74532BF}"
EndProject
Global
	GlobalSection(SolutionConfigurationPlatforms) = preSolution
		Debug|Any CPU = Debug|Any CPU
		Release|Any CPU = Release|Any CPU
	EndGlobalSection
	GlobalSection(ProjectConfigurationPlatforms) = postSolution
		{719120BC-8A70-4C09-8595-2C10E74532BF}.Debug|Any CPU.ActiveCfg = Debug|Any CPU
		{719120BC-8A70-4C09-8595-2C10E74532BF}.Debug|Any CPU.Build.0 = Debug|Any CPU
		{719120BC-8A70-4C09-8595-2C10E74532BF}.Release|Any CPU.ActiveCfg = Release|Any CPU
		{719120BC-8A70-4C09-8595-2C10E74532BF}.Release|Any CPU.Build.0 = Release|Any CPU
	EndGlobalSection
	GlobalSection(SolutionProperties) = preSolution
		HideSolutionNode = FALSE
	EndGlobalSection
	GlobalSection(ExtensibilityGlobals) = postSolution
		SolutionGuid = {010D7E25-BCA5-439B-9BF5-59871509FC15}
	EndGlobalSection
EndGlobal
